
Microsoft Visual Studio Solution File, Format Version 12.00
# Visual Studio 15
VisualStudioVersion = 15.0.27703.2035
MinimumVisualStudioVersion = 10.0.40219.1
Project("{FAE04EC0-301F-11D3-BF4B-00C04F79EFBC}") = "Nudge_.iOS", "Nudge_\Nudge_.iOS\Nudge_.iOS.csproj", "{37C730C2-D12B-4D6E-A46C-3A2BD6D39768}"
EndProject
Project("{FAE04EC0-301F-11D3-BF4B-00C04F79EFBC}") = "Nudge_", "Nudge_\Nudge_\Nudge_.csproj", "{CE992037-86A0-4A89-A01C-1F2BF4E1C480}"
EndProject
Project("{FAE04EC0-301F-11D3-BF4B-00C04F79EFBC}") = "Nudge_.Android", "Nudge_\Nudge_.Android\Nudge_.Android.csproj", "{75C3D36B-6BBF-455A-8DDD-A8BABA82F807}"
EndProject
Global
	GlobalSection(SolutionConfigurationPlatforms) = preSolution
		Ad-Hoc|Any CPU = Ad-Hoc|Any CPU
		Ad-Hoc|iPhone = Ad-Hoc|iPhone
		Ad-Hoc|iPhoneSimulator = Ad-Hoc|iPhoneSimulator
		AppStore|Any CPU = AppStore|Any CPU
		AppStore|iPhone = AppStore|iPhone
		AppStore|iPhoneSimulator = AppStore|iPhoneSimulator
		Debug|Any CPU = Debug|Any CPU
		Debug|iPhone = Debug|iPhone
		Debug|iPhoneSimulator = Debug|iPhoneSimulator
		Release|Any CPU = Release|Any CPU
		Release|iPhone = Release|iPhone
		Release|iPhoneSimulator = Release|iPhoneSimulator
	EndGlobalSection
	GlobalSection(ProjectConfigurationPlatforms) = postSolution
		{37C730C2-D12B-4D6E-A46C-3A2BD6D39768}.Ad-Hoc|Any CPU.ActiveCfg = Ad-Hoc|iPhone
		{37C730C2-D12B-4D6E-A46C-3A2BD6D39768}.Ad-Hoc|Any CPU.Build.0 = Ad-Hoc|iPhone
		{37C730C2-D12B-4D6E-A46C-3A2BD6D39768}.Ad-Hoc|Any CPU.Deploy.0 = Ad-Hoc|iPhone
		{37C730C2-D12B-4D6E-A46C-3A2BD6D39768}.Ad-Hoc|iPhone.ActiveCfg = Ad-Hoc|iPhone
		{37C730C2-D12B-4D6E-A46C-3A2BD6D39768}.Ad-Hoc|iPhone.Build.0 = Ad-Hoc|iPhone
		{37C730C2-D12B-4D6E-A46C-3A2BD6D39768}.Ad-Hoc|iPhone.Deploy.0 = Ad-Hoc|iPhone
		{37C730C2-D12B-4D6E-A46C-3A2BD6D39768}.Ad-Hoc|iPhoneSimulator.ActiveCfg = Ad-Hoc|iPhoneSimulator
		{37C730C2-D12B-4D6E-A46C-3A2BD6D39768}.Ad-Hoc|iPhoneSimulator.Build.0 = Ad-Hoc|iPhoneSimulator
		{37C730C2-D12B-4D6E-A46C-3A2BD6D39768}.Ad-Hoc|iPhoneSimulator.Deploy.0 = Ad-Hoc|iPhoneSimulator
		{37C730C2-D12B-4D6E-A46C-3A2BD6D39768}.AppStore|Any CPU.ActiveCfg = AppStore|iPhone
		{37C730C2-D12B-4D6E-A46C-3A2BD6D39768}.AppStore|Any CPU.Build.0 = AppStore|iPhone
		{37C730C2-D12B-4D6E-A46C-3A2BD6D39768}.AppStore|Any CPU.Deploy.0 = AppStore|iPhone
		{37C730C2-D12B-4D6E-A46C-3A2BD6D39768}.AppStore|iPhone.ActiveCfg = AppStore|iPhone
		{37C730C2-D12B-4D6E-A46C-3A2BD6D39768}.AppStore|iPhone.Build.0 = AppStore|iPhone
		{37C730C2-D12B-4D6E-A46C-3A2BD6D39768}.AppStore|iPhone.Deploy.0 = AppStore|iPhone
		{37C730C2-D12B-4D6E-A46C-3A2BD6D39768}.AppStore|iPhoneSimulator.ActiveCfg = AppStore|iPhoneSimulator
		{37C730C2-D12B-4D6E-A46C-3A2BD6D39768}.AppStore|iPhoneSimulator.Build.0 = AppStore|iPhoneSimulator
		{37C730C2-D12B-4D6E-A46C-3A2BD6D39768}.AppStore|iPhoneSimulator.Deploy.0 = AppStore|iPhoneSimulator
		{37C730C2-D12B-4D6E-A46C-3A2BD6D39768}.Debug|Any CPU.ActiveCfg = Debug|iPhoneSimulator
		{37C730C2-D12B-4D6E-A46C-3A2BD6D39768}.Debug|Any CPU.Build.0 = Debug|iPhoneSimulator
		{37C730C2-D12B-4D6E-A46C-3A2BD6D39768}.Debug|Any CPU.Deploy.0 = Debug|iPhoneSimulator
		{37C730C2-D12B-4D6E-A46C-3A2BD6D39768}.Debug|iPhone.ActiveCfg = Debug|iPhone
		{37C730C2-D12B-4D6E-A46C-3A2BD6D39768}.Debug|iPhone.Build.0 = Debug|iPhone
		{37C730C2-D12B-4D6E-A46C-3A2BD6D39768}.Debug|iPhone.Deploy.0 = Debug|iPhone
		{37C730C2-D12B-4D6E-A46C-3A2BD6D39768}.Debug|iPhoneSimulator.ActiveCfg = Debug|iPhoneSimulator
		{37C730C2-D12B-4D6E-A46C-3A2BD6D39768}.Debug|iPhoneSimulator.Build.0 = Debug|iPhoneSimulator
		{37C730C2-D12B-4D6E-A46C-3A2BD6D39768}.Debug|iPhoneSimulator.Deploy.0 = Debug|iPhoneSimulator
		{37C730C2-D12B-4D6E-A46C-3A2BD6D39768}.Release|Any CPU.ActiveCfg = Release|iPhone
		{37C730C2-D12B-4D6E-A46C-3A2BD6D39768}.Release|Any CPU.Build.0 = Release|iPhone
		{37C730C2-D12B-4D6E-A46C-3A2BD6D39768}.Release|Any CPU.Deploy.0 = Release|iPhone
		{37C730C2-D12B-4D6E-A46C-3A2BD6D39768}.Release|iPhone.ActiveCfg = Release|iPhone
		{37C730C2-D12B-4D6E-A46C-3A2BD6D39768}.Release|iPhone.Build.0 = Release|iPhone
		{37C730C2-D12B-4D6E-A46C-3A2BD6D39768}.Release|iPhone.Deploy.0 = Release|iPhone
		{37C730C2-D12B-4D6E-A46C-3A2BD6D39768}.Release|iPhoneSimulator.ActiveCfg = Release|iPhoneSimulator
		{37C730C2-D12B-4D6E-A46C-3A2BD6D39768}.Release|iPhoneSimulator.Build.0 = Release|iPhoneSimulator
		{37C730C2-D12B-4D6E-A46C-3A2BD6D39768}.Release|iPhoneSimulator.Deploy.0 = Release|iPhoneSimulator
		{CE992037-86A0-4A89-A01C-1F2BF4E1C480}.Ad-Hoc|Any CPU.ActiveCfg = Debug|Any CPU
		{CE992037-86A0-4A89-A01C-1F2BF4E1C480}.Ad-Hoc|Any CPU.Build.0 = Debug|Any CPU
		{CE992037-86A0-4A89-A01C-1F2BF4E1C480}.Ad-Hoc|Any CPU.Deploy.0 = Debug|Any CPU
		{CE992037-86A0-4A89-A01C-1F2BF4E1C480}.Ad-Hoc|iPhone.ActiveCfg = Debug|Any CPU
		{CE992037-86A0-4A89-A01C-1F2BF4E1C480}.Ad-Hoc|iPhone.Build.0 = Debug|Any CPU
		{CE992037-86A0-4A89-A01C-1F2BF4E1C480}.Ad-Hoc|iPhone.Deploy.0 = Debug|Any CPU
		{CE992037-86A0-4A89-A01C-1F2BF4E1C480}.Ad-Hoc|iPhoneSimulator.ActiveCfg = Debug|Any CPU
		{CE992037-86A0-4A89-A01C-1F2BF4E1C480}.Ad-Hoc|iPhoneSimulator.Build.0 = Debug|Any CPU
		{CE992037-86A0-4A89-A01C-1F2BF4E1C480}.Ad-Hoc|iPhoneSimulator.Deploy.0 = Debug|Any CPU
		{CE992037-86A0-4A89-A01C-1F2BF4E1C480}.AppStore|Any CPU.ActiveCfg = Debug|Any CPU
		{CE992037-86A0-4A89-A01C-1F2BF4E1C480}.AppStore|Any CPU.Build.0 = Debug|Any CPU
		{CE992037-86A0-4A89-A01C-1F2BF4E1C480}.AppStore|Any CPU.Deploy.0 = Debug|Any CPU
		{CE992037-86A0-4A89-A01C-1F2BF4E1C480}.AppStore|iPhone.ActiveCfg = Debug|Any CPU
		{CE992037-86A0-4A89-A01C-1F2BF4E1C480}.AppStore|iPhone.Build.0 = Debug|Any CPU
		{CE992037-86A0-4A89-A01C-1F2BF4E1C480}.AppStore|iPhone.Deploy.0 = Debug|Any CPU
		{CE992037-86A0-4A89-A01C-1F2BF4E1C480}.AppStore|iPhoneSimulator.ActiveCfg = Debug|Any CPU
		{CE992037-86A0-4A89-A01C-1F2BF4E1C480}.AppStore|iPhoneSimulator.Build.0 = Debug|Any CPU
		{CE992037-86A0-4A89-A01C-1F2BF4E1C480}.AppStore|iPhoneSimulator.Deploy.0 = Debug|Any CPU
		{CE992037-86A0-4A89-A01C-1F2BF4E1C480}.Debug|Any CPU.ActiveCfg = Debug|Any CPU
		{CE992037-86A0-4A89-A01C-1F2BF4E1C480}.Debug|Any CPU.Build.0 = Debug|Any CPU
		{CE992037-86A0-4A89-A01C-1F2BF4E1C480}.Debug|Any CPU.Deploy.0 = Debug|Any CPU
		{CE992037-86A0-4A89-A01C-1F2BF4E1C480}.Debug|iPhone.ActiveCfg = Debug|Any CPU
		{CE992037-86A0-4A89-A01C-1F2BF4E1C480}.Debug|iPhone.Build.0 = Debug|Any CPU
		{CE992037-86A0-4A89-A01C-1F2BF4E1C480}.Debug|iPhone.Deploy.0 = Debug|Any CPU
		{CE992037-86A0-4A89-A01C-1F2BF4E1C480}.Debug|iPhoneSimulator.ActiveCfg = Debug|Any CPU
		{CE992037-86A0-4A89-A01C-1F2BF4E1C480}.Debug|iPhoneSimulator.Build.0 = Debug|Any CPU
		{CE992037-86A0-4A89-A01C-1F2BF4E1C480}.Debug|iPhoneSimulator.Deploy.0 = Debug|Any CPU
		{CE992037-86A0-4A89-A01C-1F2BF4E1C480}.Release|Any CPU.ActiveCfg = Release|Any CPU
		{CE992037-86A0-4A89-A01C-1F2BF4E1C480}.Release|Any CPU.Build.0 = Release|Any CPU
		{CE992037-86A0-4A89-A01C-1F2BF4E1C480}.Release|Any CPU.Deploy.0 = Release|Any CPU
		{CE992037-86A0-4A89-A01C-1F2BF4E1C480}.Release|iPhone.ActiveCfg = Release|Any CPU
		{CE992037-86A0-4A89-A01C-1F2BF4E1C480}.Release|iPhone.Build.0 = Release|Any CPU
		{CE992037-86A0-4A89-A01C-1F2BF4E1C480}.Release|iPhone.Deploy.0 = Release|Any CPU
		{CE992037-86A0-4A89-A01C-1F2BF4E1C480}.Release|iPhoneSimulator.ActiveCfg = Release|Any CPU
		{CE992037-86A0-4A89-A01C-1F2BF4E1C480}.Release|iPhoneSimulator.Build.0 = Release|Any CPU
		{CE992037-86A0-4A89-A01C-1F2BF4E1C480}.Release|iPhoneSimulator.Deploy.0 = Release|Any CPU
		{75C3D36B-6BBF-455A-8DDD-A8BABA82F807}.Ad-Hoc|Any CPU.ActiveCfg = Release|Any CPU
		{75C3D36B-6BBF-455A-8DDD-A8BABA82F807}.Ad-Hoc|Any CPU.Build.0 = Release|Any CPU
		{75C3D36B-6BBF-455A-8DDD-A8BABA82F807}.Ad-Hoc|Any CPU.Deploy.0 = Release|Any CPU
		{75C3D36B-6BBF-455A-8DDD-A8BABA82F807}.Ad-Hoc|iPhone.ActiveCfg = Release|Any CPU
		{75C3D36B-6BBF-455A-8DDD-A8BABA82F807}.Ad-Hoc|iPhone.Build.0 = Release|Any CPU
		{75C3D36B-6BBF-455A-8DDD-A8BABA82F807}.Ad-Hoc|iPhone.Deploy.0 = Release|Any CPU
		{75C3D36B-6BBF-455A-8DDD-A8BABA82F807}.Ad-Hoc|iPhoneSimulator.ActiveCfg = Release|Any CPU
		{75C3D36B-6BBF-455A-8DDD-A8BABA82F807}.Ad-Hoc|iPhoneSimulator.Build.0 = Release|Any CPU
		{75C3D36B-6BBF-455A-8DDD-A8BABA82F807}.Ad-Hoc|iPhoneSimulator.Deploy.0 = Release|Any CPU
		{75C3D36B-6BBF-455A-8DDD-A8BABA82F807}.AppStore|Any CPU.ActiveCfg = Release|Any CPU
		{75C3D36B-6BBF-455A-8DDD-A8BABA82F807}.AppStore|Any CPU.Build.0 = Release|Any CPU
		{75C3D36B-6BBF-455A-8DDD-A8BABA82F807}.AppStore|Any CPU.Deploy.0 = Release|Any CPU
		{75C3D36B-6BBF-455A-8DDD-A8BABA82F807}.AppStore|iPhone.ActiveCfg = Release|Any CPU
		{75C3D36B-6BBF-455A-8DDD-A8BABA82F807}.AppStore|iPhone.Build.0 = Release|Any CPU
		{75C3D36B-6BBF-455A-8DDD-A8BABA82F807}.AppStore|iPhone.Deploy.0 = Release|Any CPU
		{75C3D36B-6BBF-455A-8DDD-A8BABA82F807}.AppStore|iPhoneSimulator.ActiveCfg = Release|Any CPU
		{75C3D36B-6BBF-455A-8DDD-A8BABA82F807}.AppStore|iPhoneSimulator.Build.0 = Release|Any CPU
		{75C3D36B-6BBF-455A-8DDD-A8BABA82F807}.AppStore|iPhoneSimulator.Deploy.0 = Release|Any CPU
		{75C3D36B-6BBF-455A-8DDD-A8BABA82F807}.Debug|Any CPU.ActiveCfg = Debug|Any CPU
		{75C3D36B-6BBF-455A-8DDD-A8BABA82F807}.Debug|Any CPU.Build.0 = Debug|Any CPU
		{75C3D36B-6BBF-455A-8DDD-A8BABA82F807}.Debug|Any CPU.Deploy.0 = Debug|Any CPU
		{75C3D36B-6BBF-455A-8DDD-A8BABA82F807}.Debug|iPhone.ActiveCfg = Debug|Any CPU
		{75C3D36B-6BBF-455A-8DDD-A8BABA82F807}.Debug|iPhone.Build.0 = Debug|Any CPU
		{75C3D36B-6BBF-455A-8DDD-A8BABA82F807}.Debug|iPhone.Deploy.0 = Debug|Any CPU
		{75C3D36B-6BBF-455A-8DDD-A8BABA82F807}.Debug|iPhoneSimulator.ActiveCfg = Debug|Any CPU
		{75C3D36B-6BBF-455A-8DDD-A8BABA82F807}.Debug|iPhoneSimulator.Build.0 = Debug|Any CPU
		{75C3D36B-6BBF-455A-8DDD-A8BABA82F807}.Debug|iPhoneSimulator.Deploy.0 = Debug|Any CPU
		{75C3D36B-6BBF-455A-8DDD-A8BABA82F807}.Release|Any CPU.ActiveCfg = Release|Any CPU
		{75C3D36B-6BBF-455A-8DDD-A8BABA82F807}.Release|Any CPU.Build.0 = Release|Any CPU
		{75C3D36B-6BBF-455A-8DDD-A8BABA82F807}.Release|Any CPU.Deploy.0 = Release|Any CPU
		{75C3D36B-6BBF-455A-8DDD-A8BABA82F807}.Release|iPhone.ActiveCfg = Release|Any CPU
		{75C3D36B-6BBF-455A-8DDD-A8BABA82F807}.Release|iPhone.Build.0 = Release|Any CPU
		{75C3D36B-6BBF-455A-8DDD-A8BABA82F807}.Release|iPhone.Deploy.0 = Release|Any CPU
		{75C3D36B-6BBF-455A-8DDD-A8BABA82F807}.Release|iPhoneSimulator.ActiveCfg = Release|Any CPU
		{75C3D36B-6BBF-455A-8DDD-A8BABA82F807}.Release|iPhoneSimulator.Build.0 = Release|Any CPU
		{75C3D36B-6BBF-455A-8DDD-A8BABA82F807}.Release|iPhoneSimulator.Deploy.0 = Release|Any CPU
	EndGlobalSection
	GlobalSection(SolutionProperties) = preSolution
		HideSolutionNode = FALSE
	EndGlobalSection
	GlobalSection(ExtensibilityGlobals) = postSolution
		SolutionGuid = {065E7313-0D4D-431D-A794-ED9442B725CC}
	EndGlobalSection
EndGlobal
